
Microsoft Visual Studio Solution File, Format Version 12.00
# Visual Studio Version 17
VisualStudioVersion = 17.0.31903.59
MinimumVisualStudioVersion = 10.0.40219.1
Project("{2150E333-8FDC-42A3-9474-1A3956D46DE8}") = "src", "src", "{8D13CBA1-04C3-4D95-AC23-439DCE1DC2E4}"
EndProject
Project("{9A19103F-16F7-4668-BE54-9A1E7A4F7556}") = "Order.API", "src\Application\Order.API\Order.API.csproj", "{212B1502-3A6C-4751-A58B-2A53B54A4501}"
EndProject
Project("{2150E333-8FDC-42A3-9474-1A3956D46DE8}") = "Application", "Application", "{7133B3E5-DA26-409D-8475-2493CD38A451}"
EndProject
Project("{2150E333-8FDC-42A3-9474-1A3956D46DE8}") = "Service", "Service", "{002B415C-2928-4124-BDF6-9399BFDE1AA5}"
EndProject
Project("{2150E333-8FDC-42A3-9474-1A3956D46DE8}") = "Domain", "Domain", "{88C404F8-5663-419D-8951-8DDE079C0DE0}"
EndProject
Project("{2150E333-8FDC-42A3-9474-1A3956D46DE8}") = "Infrastructure", "Infrastructure", "{6C4A3C37-78AA-45DB-B2DC-0E48CCD04DEB}"
EndProject
Project("{2150E333-8FDC-42A3-9474-1A3956D46DE8}") = "Test", "Test", "{AAC15ADE-0C69-4498-B41B-E2EB34B62B1F}"
EndProject
Project("{9A19103F-16F7-4668-BE54-9A1E7A4F7556}") = "Order.Domain", "src\Domain\Order.Domain\Order.Domain.csproj", "{A064FF1B-E3D5-4469-A7A5-C49622D5CFEE}"
EndProject
Project("{9A19103F-16F7-4668-BE54-9A1E7A4F7556}") = "Order.Domain.Contract", "src\Domain\Order.Domain.Contract\Order.Domain.Contract.csproj", "{233C855B-97ED-4F62-BB50-9C64DBE9A6CA}"
EndProject
Project("{9A19103F-16F7-4668-BE54-9A1E7A4F7556}") = "Order.IOC", "src\Infrastructure\Order.IOC\Order.IOC.csproj", "{4D4C454C-E1AE-4731-B29A-48ABD7914810}"
EndProject
Project("{9A19103F-16F7-4668-BE54-9A1E7A4F7556}") = "Order.Persistence", "src\Infrastructure\Order.Persistence\Order.Persistence.csproj", "{7087D6C1-D4C7-4908-8B87-EAF16C7FEBD0}"
EndProject
Project("{9A19103F-16F7-4668-BE54-9A1E7A4F7556}") = "Order.Service", "src\Service\Order.Service\Order.Service.csproj", "{1E9AD45B-66EA-4D19-A5A4-1F9C7F2F8128}"
EndProject
Project("{9A19103F-16F7-4668-BE54-9A1E7A4F7556}") = "Order.Service.Contract", "src\Service\Order.Service.Contract\Order.Service.Contract.csproj", "{0D84A93A-37F4-47E2-B3DB-7A49C026201D}"
EndProject
Project("{9A19103F-16F7-4668-BE54-9A1E7A4F7556}") = "Order.Test.Unit", "src\Test\Order.Test.Unit\Order.Test.Unit.csproj", "{B86FD477-A4F7-4E61-832F-CA006473A1F9}"
EndProject
Global
	GlobalSection(SolutionConfigurationPlatforms) = preSolution
		Debug|Any CPU = Debug|Any CPU
		Release|Any CPU = Release|Any CPU
	EndGlobalSection
	GlobalSection(ProjectConfigurationPlatforms) = postSolution
		{212B1502-3A6C-4751-A58B-2A53B54A4501}.Debug|Any CPU.ActiveCfg = Debug|Any CPU
		{212B1502-3A6C-4751-A58B-2A53B54A4501}.Debug|Any CPU.Build.0 = Debug|Any CPU
		{212B1502-3A6C-4751-A58B-2A53B54A4501}.Release|Any CPU.ActiveCfg = Release|Any CPU
		{212B1502-3A6C-4751-A58B-2A53B54A4501}.Release|Any CPU.Build.0 = Release|Any CPU
		{A064FF1B-E3D5-4469-A7A5-C49622D5CFEE}.Debug|Any CPU.ActiveCfg = Debug|Any CPU
		{A064FF1B-E3D5-4469-A7A5-C49622D5CFEE}.Debug|Any CPU.Build.0 = Debug|Any CPU
		{A064FF1B-E3D5-4469-A7A5-C49622D5CFEE}.Release|Any CPU.ActiveCfg = Release|Any CPU
		{A064FF1B-E3D5-4469-A7A5-C49622D5CFEE}.Release|Any CPU.Build.0 = Release|Any CPU
		{233C855B-97ED-4F62-BB50-9C64DBE9A6CA}.Debug|Any CPU.ActiveCfg = Debug|Any CPU
		{233C855B-97ED-4F62-BB50-9C64DBE9A6CA}.Debug|Any CPU.Build.0 = Debug|Any CPU
		{233C855B-97ED-4F62-BB50-9C64DBE9A6CA}.Release|Any CPU.ActiveCfg = Release|Any CPU
		{233C855B-97ED-4F62-BB50-9C64DBE9A6CA}.Release|Any CPU.Build.0 = Release|Any CPU
		{4D4C454C-E1AE-4731-B29A-48ABD7914810}.Debug|Any CPU.ActiveCfg = Debug|Any CPU
		{4D4C454C-E1AE-4731-B29A-48ABD7914810}.Debug|Any CPU.Build.0 = Debug|Any CPU
		{4D4C454C-E1AE-4731-B29A-48ABD7914810}.Release|Any CPU.ActiveCfg = Release|Any CPU
		{4D4C454C-E1AE-4731-B29A-48ABD7914810}.Release|Any CPU.Build.0 = Release|Any CPU
		{7087D6C1-D4C7-4908-8B87-EAF16C7FEBD0}.Debug|Any CPU.ActiveCfg = Debug|Any CPU
		{7087D6C1-D4C7-4908-8B87-EAF16C7FEBD0}.Debug|Any CPU.Build.0 = Debug|Any CPU
		{7087D6C1-D4C7-4908-8B87-EAF16C7FEBD0}.Release|Any CPU.ActiveCfg = Release|Any CPU
		{7087D6C1-D4C7-4908-8B87-EAF16C7FEBD0}.Release|Any CPU.Build.0 = Release|Any CPU
		{1E9AD45B-66EA-4D19-A5A4-1F9C7F2F8128}.Debug|Any CPU.ActiveCfg = Debug|Any CPU
		{1E9AD45B-66EA-4D19-A5A4-1F9C7F2F8128}.Debug|Any CPU.Build.0 = Debug|Any CPU
		{1E9AD45B-66EA-4D19-A5A4-1F9C7F2F8128}.Release|Any CPU.ActiveCfg = Release|Any CPU
		{1E9AD45B-66EA-4D19-A5A4-1F9C7F2F8128}.Release|Any CPU.Build.0 = Release|Any CPU
		{0D84A93A-37F4-47E2-B3DB-7A49C026201D}.Debug|Any CPU.ActiveCfg = Debug|Any CPU
		{0D84A93A-37F4-47E2-B3DB-7A49C026201D}.Debug|Any CPU.Build.0 = Debug|Any CPU
		{0D84A93A-37F4-47E2-B3DB-7A49C026201D}.Release|Any CPU.ActiveCfg = Release|Any CPU
		{0D84A93A-37F4-47E2-B3DB-7A49C026201D}.Release|Any CPU.Build.0 = Release|Any CPU
		{B86FD477-A4F7-4E61-832F-CA006473A1F9}.Debug|Any CPU.ActiveCfg = Debug|Any CPU
		{B86FD477-A4F7-4E61-832F-CA006473A1F9}.Debug|Any CPU.Build.0 = Debug|Any CPU
		{B86FD477-A4F7-4E61-832F-CA006473A1F9}.Release|Any CPU.ActiveCfg = Release|Any CPU
		{B86FD477-A4F7-4E61-832F-CA006473A1F9}.Release|Any CPU.Build.0 = Release|Any CPU
	EndGlobalSection
	GlobalSection(SolutionProperties) = preSolution
		HideSolutionNode = FALSE
	EndGlobalSection
	GlobalSection(NestedProjects) = preSolution
		{212B1502-3A6C-4751-A58B-2A53B54A4501} = {7133B3E5-DA26-409D-8475-2493CD38A451}
		{7133B3E5-DA26-409D-8475-2493CD38A451} = {8D13CBA1-04C3-4D95-AC23-439DCE1DC2E4}
		{002B415C-2928-4124-BDF6-9399BFDE1AA5} = {8D13CBA1-04C3-4D95-AC23-439DCE1DC2E4}
		{88C404F8-5663-419D-8951-8DDE079C0DE0} = {8D13CBA1-04C3-4D95-AC23-439DCE1DC2E4}
		{6C4A3C37-78AA-45DB-B2DC-0E48CCD04DEB} = {8D13CBA1-04C3-4D95-AC23-439DCE1DC2E4}
		{AAC15ADE-0C69-4498-B41B-E2EB34B62B1F} = {8D13CBA1-04C3-4D95-AC23-439DCE1DC2E4}
		{A064FF1B-E3D5-4469-A7A5-C49622D5CFEE} = {88C404F8-5663-419D-8951-8DDE079C0DE0}
		{233C855B-97ED-4F62-BB50-9C64DBE9A6CA} = {88C404F8-5663-419D-8951-8DDE079C0DE0}
		{4D4C454C-E1AE-4731-B29A-48ABD7914810} = {6C4A3C37-78AA-45DB-B2DC-0E48CCD04DEB}
		{7087D6C1-D4C7-4908-8B87-EAF16C7FEBD0} = {6C4A3C37-78AA-45DB-B2DC-0E48CCD04DEB}
		{1E9AD45B-66EA-4D19-A5A4-1F9C7F2F8128} = {002B415C-2928-4124-BDF6-9399BFDE1AA5}
		{0D84A93A-37F4-47E2-B3DB-7A49C026201D} = {002B415C-2928-4124-BDF6-9399BFDE1AA5}
		{B86FD477-A4F7-4E61-832F-CA006473A1F9} = {AAC15ADE-0C69-4498-B41B-E2EB34B62B1F}
	EndGlobalSection
	GlobalSection(ExtensibilityGlobals) = postSolution
		SolutionGuid = {EB49A069-97E2-4E94-B22E-E2D5623575D1}
	EndGlobalSection
EndGlobal
