
Microsoft Visual Studio Solution File, Format Version 12.00
# Visual Studio Version 17
VisualStudioVersion = 17.0.31903.59
MinimumVisualStudioVersion = 10.0.40219.1
Project("{2150E333-8FDC-42A3-9474-1A3956D46DE8}") = "src", "src", "{8D13CBA1-04C3-4D95-AC23-439DCE1DC2E4}"
EndProject
Project("{2150E333-8FDC-42A3-9474-1A3956D46DE8}") = "Order.API", "Order.API", "{62441482-8A6D-43EE-AD54-60B02C84DB44}"
EndProject
Project("{2150E333-8FDC-42A3-9474-1A3956D46DE8}") = "Order.Service", "Order.Service", "{36591F42-7B0C-4154-9593-F27B3DFE203D}"
EndProject
Project("{2150E333-8FDC-42A3-9474-1A3956D46DE8}") = "Order.Infrastructure", "Order.Infrastructure", "{F3C70E31-3E63-4BE9-B62B-963AE836571B}"
EndProject
Project("{2150E333-8FDC-42A3-9474-1A3956D46DE8}") = "Order.Domain", "Order.Domain", "{4D4F457B-2D63-4FA7-8232-10D72EDBDACC}"
EndProject
Project("{9A19103F-16F7-4668-BE54-9A1E7A4F7556}") = "Order.API", "src\Order.API\Order.API.csproj", "{BB2631CA-10CE-48F1-900C-817D44157CA2}"
EndProject
Project("{9A19103F-16F7-4668-BE54-9A1E7A4F7556}") = "Order.Domain", "src\Order.Domain\Order.Domain.csproj", "{52890EB9-9F3C-4F5E-9ABE-3FB01F317769}"
EndProject
Project("{9A19103F-16F7-4668-BE54-9A1E7A4F7556}") = "Order.Domain.Contract", "src\Order.Domain.Contract\Order.Domain.Contract.csproj", "{BDB4D760-C073-4CF2-A80A-BBB152C64712}"
EndProject
Project("{9A19103F-16F7-4668-BE54-9A1E7A4F7556}") = "Order.Service", "src\Order.Service\Order.Service.csproj", "{1E2C3CCD-5F8B-4C24-A935-0BF26FABB51F}"
EndProject
Project("{9A19103F-16F7-4668-BE54-9A1E7A4F7556}") = "Order.Service.Contract", "src\Order.Service.Contract\Order.Service.Contract.csproj", "{9F365EB3-C76E-4212-BD99-EA380165AB7A}"
EndProject
Project("{9A19103F-16F7-4668-BE54-9A1E7A4F7556}") = "Order.Persistence", "src\Order.Persistence\Order.Persistence.csproj", "{052F2F4E-B0FA-4907-B919-6B4CEEB6E8EB}"
EndProject
Project("{9A19103F-16F7-4668-BE54-9A1E7A4F7556}") = "Order.IOC", "src\Order.IOC\Order.IOC.csproj", "{8ED6F71D-BF04-4A3F-BD14-73905936B714}"
EndProject
Project("{2150E333-8FDC-42A3-9474-1A3956D46DE8}") = "Order.Test.Unit", "Order.Test.Unit", "{8F52BB24-83C7-4402-98E4-1E67A26D57A3}"
EndProject
Project("{FAE04EC0-301F-11D3-BF4B-00C04F79EFBC}") = "Order.Test.Unit", "src\Order.Test.Unit\Order.Test.Unit.csproj", "{26A48B8B-F188-47BD-8FB2-45DA80280A69}"
EndProject
Global
	GlobalSection(SolutionConfigurationPlatforms) = preSolution
		Debug|Any CPU = Debug|Any CPU
		Release|Any CPU = Release|Any CPU
	EndGlobalSection
	GlobalSection(ProjectConfigurationPlatforms) = postSolution
		{BB2631CA-10CE-48F1-900C-817D44157CA2}.Debug|Any CPU.ActiveCfg = Debug|Any CPU
		{BB2631CA-10CE-48F1-900C-817D44157CA2}.Debug|Any CPU.Build.0 = Debug|Any CPU
		{BB2631CA-10CE-48F1-900C-817D44157CA2}.Release|Any CPU.ActiveCfg = Release|Any CPU
		{BB2631CA-10CE-48F1-900C-817D44157CA2}.Release|Any CPU.Build.0 = Release|Any CPU
		{52890EB9-9F3C-4F5E-9ABE-3FB01F317769}.Debug|Any CPU.ActiveCfg = Debug|Any CPU
		{52890EB9-9F3C-4F5E-9ABE-3FB01F317769}.Debug|Any CPU.Build.0 = Debug|Any CPU
		{52890EB9-9F3C-4F5E-9ABE-3FB01F317769}.Release|Any CPU.ActiveCfg = Release|Any CPU
		{52890EB9-9F3C-4F5E-9ABE-3FB01F317769}.Release|Any CPU.Build.0 = Release|Any CPU
		{BDB4D760-C073-4CF2-A80A-BBB152C64712}.Debug|Any CPU.ActiveCfg = Debug|Any CPU
		{BDB4D760-C073-4CF2-A80A-BBB152C64712}.Debug|Any CPU.Build.0 = Debug|Any CPU
		{BDB4D760-C073-4CF2-A80A-BBB152C64712}.Release|Any CPU.ActiveCfg = Release|Any CPU
		{BDB4D760-C073-4CF2-A80A-BBB152C64712}.Release|Any CPU.Build.0 = Release|Any CPU
		{1E2C3CCD-5F8B-4C24-A935-0BF26FABB51F}.Debug|Any CPU.ActiveCfg = Debug|Any CPU
		{1E2C3CCD-5F8B-4C24-A935-0BF26FABB51F}.Debug|Any CPU.Build.0 = Debug|Any CPU
		{1E2C3CCD-5F8B-4C24-A935-0BF26FABB51F}.Release|Any CPU.ActiveCfg = Release|Any CPU
		{1E2C3CCD-5F8B-4C24-A935-0BF26FABB51F}.Release|Any CPU.Build.0 = Release|Any CPU
		{9F365EB3-C76E-4212-BD99-EA380165AB7A}.Debug|Any CPU.ActiveCfg = Debug|Any CPU
		{9F365EB3-C76E-4212-BD99-EA380165AB7A}.Debug|Any CPU.Build.0 = Debug|Any CPU
		{9F365EB3-C76E-4212-BD99-EA380165AB7A}.Release|Any CPU.ActiveCfg = Release|Any CPU
		{9F365EB3-C76E-4212-BD99-EA380165AB7A}.Release|Any CPU.Build.0 = Release|Any CPU
		{052F2F4E-B0FA-4907-B919-6B4CEEB6E8EB}.Debug|Any CPU.ActiveCfg = Debug|Any CPU
		{052F2F4E-B0FA-4907-B919-6B4CEEB6E8EB}.Debug|Any CPU.Build.0 = Debug|Any CPU
		{052F2F4E-B0FA-4907-B919-6B4CEEB6E8EB}.Release|Any CPU.ActiveCfg = Release|Any CPU
		{052F2F4E-B0FA-4907-B919-6B4CEEB6E8EB}.Release|Any CPU.Build.0 = Release|Any CPU
		{8ED6F71D-BF04-4A3F-BD14-73905936B714}.Debug|Any CPU.ActiveCfg = Debug|Any CPU
		{8ED6F71D-BF04-4A3F-BD14-73905936B714}.Debug|Any CPU.Build.0 = Debug|Any CPU
		{8ED6F71D-BF04-4A3F-BD14-73905936B714}.Release|Any CPU.ActiveCfg = Release|Any CPU
		{8ED6F71D-BF04-4A3F-BD14-73905936B714}.Release|Any CPU.Build.0 = Release|Any CPU
		{26A48B8B-F188-47BD-8FB2-45DA80280A69}.Debug|Any CPU.ActiveCfg = Debug|Any CPU
		{26A48B8B-F188-47BD-8FB2-45DA80280A69}.Debug|Any CPU.Build.0 = Debug|Any CPU
		{26A48B8B-F188-47BD-8FB2-45DA80280A69}.Release|Any CPU.ActiveCfg = Release|Any CPU
		{26A48B8B-F188-47BD-8FB2-45DA80280A69}.Release|Any CPU.Build.0 = Release|Any CPU
	EndGlobalSection
	GlobalSection(SolutionProperties) = preSolution
		HideSolutionNode = FALSE
	EndGlobalSection
	GlobalSection(NestedProjects) = preSolution
		{62441482-8A6D-43EE-AD54-60B02C84DB44} = {8D13CBA1-04C3-4D95-AC23-439DCE1DC2E4}
		{36591F42-7B0C-4154-9593-F27B3DFE203D} = {8D13CBA1-04C3-4D95-AC23-439DCE1DC2E4}
		{F3C70E31-3E63-4BE9-B62B-963AE836571B} = {8D13CBA1-04C3-4D95-AC23-439DCE1DC2E4}
		{4D4F457B-2D63-4FA7-8232-10D72EDBDACC} = {8D13CBA1-04C3-4D95-AC23-439DCE1DC2E4}
		{BB2631CA-10CE-48F1-900C-817D44157CA2} = {62441482-8A6D-43EE-AD54-60B02C84DB44}
		{52890EB9-9F3C-4F5E-9ABE-3FB01F317769} = {4D4F457B-2D63-4FA7-8232-10D72EDBDACC}
		{BDB4D760-C073-4CF2-A80A-BBB152C64712} = {4D4F457B-2D63-4FA7-8232-10D72EDBDACC}
		{1E2C3CCD-5F8B-4C24-A935-0BF26FABB51F} = {36591F42-7B0C-4154-9593-F27B3DFE203D}
		{9F365EB3-C76E-4212-BD99-EA380165AB7A} = {36591F42-7B0C-4154-9593-F27B3DFE203D}
		{052F2F4E-B0FA-4907-B919-6B4CEEB6E8EB} = {F3C70E31-3E63-4BE9-B62B-963AE836571B}
		{8ED6F71D-BF04-4A3F-BD14-73905936B714} = {F3C70E31-3E63-4BE9-B62B-963AE836571B}
		{8F52BB24-83C7-4402-98E4-1E67A26D57A3} = {8D13CBA1-04C3-4D95-AC23-439DCE1DC2E4}
		{26A48B8B-F188-47BD-8FB2-45DA80280A69} = {8F52BB24-83C7-4402-98E4-1E67A26D57A3}
	EndGlobalSection
	GlobalSection(ExtensibilityGlobals) = postSolution
		SolutionGuid = {EB49A069-97E2-4E94-B22E-E2D5623575D1}
	EndGlobalSection
EndGlobal
